
Microsoft Visual Studio Solution File, Format Version 12.00
# Visual Studio 15
VisualStudioVersion = 15.0.28307.106
MinimumVisualStudioVersion = 10.0.40219.1
Project("{FAE04EC0-301F-11D3-BF4B-00C04F79EFBC}") = "MeetingCostTracker", "MeetingCostTracker.csproj", "{0854FB2B-A1E8-43A1-89A1-2E35CB54342E}"
EndProject
Global
	GlobalSection(SolutionConfigurationPlatforms) = preSolution
		Debug|Any CPU = Debug|Any CPU
		Release|Any CPU = Release|Any CPU
	EndGlobalSection
	GlobalSection(ProjectConfigurationPlatforms) = postSolution
		{0854FB2B-A1E8-43A1-89A1-2E35CB54342E}.Debug|Any CPU.ActiveCfg = Debug|Any CPU
		{0854FB2B-A1E8-43A1-89A1-2E35CB54342E}.Debug|Any CPU.Build.0 = Debug|Any CPU
		{0854FB2B-A1E8-43A1-89A1-2E35CB54342E}.Release|Any CPU.ActiveCfg = Release|Any CPU
		{0854FB2B-A1E8-43A1-89A1-2E35CB54342E}.Release|Any CPU.Build.0 = Release|Any CPU
	EndGlobalSection
	GlobalSection(SolutionProperties) = preSolution
		HideSolutionNode = FALSE
	EndGlobalSection
	GlobalSection(ExtensibilityGlobals) = postSolution
		SolutionGuid = {25769D6C-DD70-40CA-88F4-999B8D15B71E}
	EndGlobalSection
EndGlobal
